{
  "object": {
    "pins": [
      {
        "package": "ParserCombinator",
        "repositoryURL": "https://github.com/BenchR267/ParserCombinator",
        "state": {
          "branch": "develop",
          "revision": "ab4b65a06b9304cf99e7e78913a5ee633be17cb7",
          "version": null
        }
      }
    ]
  },
  "version": 1
}
