{
  "object": {
    "pins": [
      {
        "package": "Parsel",
        "repositoryURL": "https://github.com/BenchR267/Parsel",
        "state": {
          "branch": "master",
          "revision": "bfee84726571f90ead431e013e87fd5465345d0a",
          "version": null
        }
      }
    ]
  },
  "version": 1
}
