{
  "object": {
    "pins": [
      {
        "package": "ParserCombinator",
        "repositoryURL": "https://github.com/BenchR267/ParserCombinator",
        "state": {
          "branch": "develop",
          "revision": "fe98ca3378c493bcba0cc6c899814d2f845a7d3c",
          "version": null
        }
      }
    ]
  },
  "version": 1
}
